<Solution>
  <Project Path="Safeparts.AppModel/Safeparts.AppModel.csproj" />
  <Project Path="Safeparts.Native/Safeparts.Native.csproj" />
  <Project Path="Safeparts.AppModel.Tests/Safeparts.AppModel.Tests.csproj" />
  <Project Path="Safeparts.App/Safeparts.App.csproj" />
  <Project Path="Safeparts.InteropSmoke/Safeparts.InteropSmoke.csproj" />
  <Project Path="Safeparts.UiAutomation.Tests/Safeparts.UiAutomation.Tests.csproj" />
</Solution>
